<?xml version="1.0" encoding="utf-8"?>
<Project ToolsVersion="4.0" xmlns="http://schemas.microsoft.com/developer/msbuild/2003">
  <ItemGroup>
    <Filter Include="Source Files">
      <UniqueIdentifier>{4FC737F1-C7A5-4376-A066-2A32D752A2FF}</UniqueIdentifier>
      <Extensions>cpp;c;cc;cxx;def;odl;idl;hpj;bat;asm;asmx</Extensions>
    </Filter>
    <Filter Include="Header Files">
      <UniqueIdentifier>{93995380-89BD-4b04-88EB-625FBE52EBFB}</UniqueIdentifier>
      <Extensions>h;hh;hpp;hxx;hm;inl;inc;xsd</Extensions>
    </Filter>
    <Filter Include="Resource Files">
      <UniqueIdentifier>{67DA6AB6-F800-4c08-8B7A-83BB121AAD01}</UniqueIdentifier>
      <Extensions>rc;ico;cur;bmp;dlg;rc2;rct;bin;rgs;gif;jpg;jpeg;jpe;resx;tiff;tif;png;wav</Extensions>
    </Filter>
  </ItemGroup>
  <ItemGroup>
    <ClCompile Include="src\WiFi.cpp">
      <Filter>Source Files</Filter>
    </ClCompile>
    <ClCompile Include="src\WiFiClient.cpp">
      <Filter>Source Files</Filter>
    </ClCompile>
    <ClCompile Include="src\WiFiMDNSResponder.cpp">
      <Filter>Source Files</Filter>
    </ClCompile>
    <ClCompile Include="src\WiFiServer.cpp">
      <Filter>Source Files</Filter>
    </ClCompile>
    <ClCompile Include="src\WiFiSSLClient.cpp">
      <Filter>Source Files</Filter>
    </ClCompile>
    <ClCompile Include="src\WiFiUdp.cpp">
      <Filter>Source Files</Filter>
    </ClCompile>
    <ClCompile Include="src\bsp\source\nm_bsp_arduino.c">
      <Filter>Source Files</Filter>
    </ClCompile>
    <ClCompile Include="src\bsp\source\nm_bsp_arduino_avr.c">
      <Filter>Source Files</Filter>
    </ClCompile>
    <ClCompile Include="src\bus_wrapper\source\nm_bus_wrapper_samd21.cpp">
      <Filter>Source Files</Filter>
    </ClCompile>
    <ClCompile Include="src\common\source\nm_common.c">
      <Filter>Source Files</Filter>
    </ClCompile>
    <ClCompile Include="src\driver\source\m2m_hif.c">
      <Filter>Source Files</Filter>
    </ClCompile>
    <ClCompile Include="src\driver\source\m2m_ota.c">
      <Filter>Source Files</Filter>
    </ClCompile>
    <ClCompile Include="src\driver\source\m2m_periph.c">
      <Filter>Source Files</Filter>
    </ClCompile>
    <ClCompile Include="src\driver\source\m2m_wifi.c">
      <Filter>Source Files</Filter>
    </ClCompile>
    <ClCompile Include="src\driver\source\nmasic.c">
      <Filter>Source Files</Filter>
    </ClCompile>
    <ClCompile Include="src\driver\source\nmbus.c">
      <Filter>Source Files</Filter>
    </ClCompile>
    <ClCompile Include="src\driver\source\nmdrv.c">
      <Filter>Source Files</Filter>
    </ClCompile>
    <ClCompile Include="src\driver\source\nmi2c.c">
      <Filter>Source Files</Filter>
    </ClCompile>
    <ClCompile Include="src\driver\source\nmspi.c">
      <Filter>Source Files</Filter>
    </ClCompile>
    <ClCompile Include="src\driver\source\nmuart.c">
      <Filter>Source Files</Filter>
    </ClCompile>
    <ClCompile Include="src\socket\source\socket.c">
      <Filter>Source Files</Filter>
    </ClCompile>
    <ClCompile Include="src\socket\source\socket_buffer.c">
      <Filter>Source Files</Filter>
    </ClCompile>
    <ClCompile Include="src\spi_flash\source\spi_flash.c">
      <Filter>Source Files</Filter>
    </ClCompile>
  </ItemGroup>
  <ItemGroup>
    <ClInclude Include="src\WiFi101.h">
      <Filter>Header Files</Filter>
    </ClInclude>
    <ClInclude Include="src\WiFiClient.h">
      <Filter>Header Files</Filter>
    </ClInclude>
    <ClInclude Include="src\WiFiMDNSResponder.h">
      <Filter>Header Files</Filter>
    </ClInclude>
    <ClInclude Include="src\WiFiServer.h">
      <Filter>Header Files</Filter>
    </ClInclude>
    <ClInclude Include="src\WiFiSSLClient.h">
      <Filter>Header Files</Filter>
    </ClInclude>
    <ClInclude Include="src\WiFiUdp.h">
      <Filter>Header Files</Filter>
    </ClInclude>
    <ClInclude Include="src\bsp\include\nm_bsp.h">
      <Filter>Header Files</Filter>
    </ClInclude>
    <ClInclude Include="src\bsp\include\nm_bsp_arduino.h">
      <Filter>Header Files</Filter>
    </ClInclude>
    <ClInclude Include="src\bsp\include\nm_bsp_avr.h">
      <Filter>Header Files</Filter>
    </ClInclude>
    <ClInclude Include="src\bsp\include\nm_bsp_internal.h">
      <Filter>Header Files</Filter>
    </ClInclude>
    <ClInclude Include="src\bsp\include\nm_bsp_samd21.h">
      <Filter>Header Files</Filter>
    </ClInclude>
    <ClInclude Include="src\bus_wrapper\include\nm_bus_wrapper.h">
      <Filter>Header Files</Filter>
    </ClInclude>
    <ClInclude Include="src\common\include\nm_common.h">
      <Filter>Header Files</Filter>
    </ClInclude>
    <ClInclude Include="src\common\include\nm_debug.h">
      <Filter>Header Files</Filter>
    </ClInclude>
    <ClInclude Include="src\driver\include\m2m_ota.h">
      <Filter>Header Files</Filter>
    </ClInclude>
    <ClInclude Include="src\driver\include\m2m_periph.h">
      <Filter>Header Files</Filter>
    </ClInclude>
    <ClInclude Include="src\driver\include\m2m_types.h">
      <Filter>Header Files</Filter>
    </ClInclude>
    <ClInclude Include="src\driver\include\m2m_wifi.h">
      <Filter>Header Files</Filter>
    </ClInclude>
    <ClInclude Include="src\driver\source\m2m_hif.h">
      <Filter>Header Files</Filter>
    </ClInclude>
    <ClInclude Include="src\driver\source\nmasic.h">
      <Filter>Header Files</Filter>
    </ClInclude>
    <ClInclude Include="src\driver\source\nmbus.h">
      <Filter>Header Files</Filter>
    </ClInclude>
    <ClInclude Include="src\driver\source\nmdrv.h">
      <Filter>Header Files</Filter>
    </ClInclude>
    <ClInclude Include="src\driver\source\nmi2c.h">
      <Filter>Header Files</Filter>
    </ClInclude>
    <ClInclude Include="src\driver\source\nmspi.h">
      <Filter>Header Files</Filter>
    </ClInclude>
    <ClInclude Include="src\driver\source\nmuart.h">
      <Filter>Header Files</Filter>
    </ClInclude>
    <ClInclude Include="src\socket\include\m2m_socket_host_if.h">
      <Filter>Header Files</Filter>
    </ClInclude>
    <ClInclude Include="src\socket\include\socket.h">
      <Filter>Header Files</Filter>
    </ClInclude>
    <ClInclude Include="src\socket\include\socket_buffer.h">
      <Filter>Header Files</Filter>
    </ClInclude>
    <ClInclude Include="src\socket\source\socket_internal.h">
      <Filter>Header Files</Filter>
    </ClInclude>
    <ClInclude Include="src\spi_flash\include\spi_flash.h">
      <Filter>Header Files</Filter>
    </ClInclude>
    <ClInclude Include="src\spi_flash\include\spi_flash_map.h">
      <Filter>Header Files</Filter>
    </ClInclude>
  </ItemGroup>
</Project>